
Microsoft Visual Studio Solution File, Format Version 12.00
# Visual Studio Version 17
VisualStudioVersion = 17.1.32414.318
MinimumVisualStudioVersion = 10.0.40219.1
Project("{2150E333-8FDC-42A3-9474-1A3956D46DE8}") = "src", "src", "{A8CF35EC-2EEE-426E-A6EF-159CD98564C2}"
EndProject
Project("{2150E333-8FDC-42A3-9474-1A3956D46DE8}") = "tests", "tests", "{58C073A9-BF20-4460-B022-33A593BF9FAF}"
EndProject
Project("{2150E333-8FDC-42A3-9474-1A3956D46DE8}") = "misc", "misc", "{B646B042-A1AA-4C71-A9C1-3D2EF32890C9}"
	ProjectSection(SolutionItems) = preProject
		.dockerignore = .dockerignore
		.gitignore = .gitignore
		Dockerfile = Dockerfile
		LICENSE.md = LICENSE.md
		README.md = README.md
	EndProjectSection
EndProject
Project("{9A19103F-16F7-4668-BE54-9A1E7A4F7556}") = "Czertainly.Auth", "src\Czertainly.Auth\Czertainly.Auth.csproj", "{1DE2813C-8588-4968-B4E2-CBDAE238D7A4}"
EndProject
Project("{2150E333-8FDC-42A3-9474-1A3956D46DE8}") = "hooks", "hooks", "{A7173E04-1649-4AAC-9656-5A892B394341}"
	ProjectSection(SolutionItems) = preProject
		hooks\build = hooks\build
		hooks\post_push = hooks\post_push
	EndProjectSection
EndProject
Project("{2150E333-8FDC-42A3-9474-1A3956D46DE8}") = "github", "github", "{6037F6B1-5FBD-4F2B-9B3B-808A60107BE6}"
EndProject
Project("{2150E333-8FDC-42A3-9474-1A3956D46DE8}") = "workflows", "workflows", "{2D37E410-375F-4684-AEF7-063D26AFB138}"
	ProjectSection(SolutionItems) = preProject
		.github\workflows\build.yml = .github\workflows\build.yml
		.github\workflows\workflow_run_pruner.yml = .github\workflows\workflow_run_pruner.yml
	EndProjectSection
EndProject
Project("{2150E333-8FDC-42A3-9474-1A3956D46DE8}") = "ISSUE_TEMPLATE", "ISSUE_TEMPLATE", "{91FD8C66-2B00-4EC0-90E3-8313D27B777C}"
	ProjectSection(SolutionItems) = preProject
		.github\ISSUE_TEMPLATE\bug.md = .github\ISSUE_TEMPLATE\bug.md
		.github\ISSUE_TEMPLATE\change.md = .github\ISSUE_TEMPLATE\change.md
		.github\ISSUE_TEMPLATE\epic.md = .github\ISSUE_TEMPLATE\epic.md
		.github\ISSUE_TEMPLATE\feature.md = .github\ISSUE_TEMPLATE\feature.md
		.github\ISSUE_TEMPLATE\task.md = .github\ISSUE_TEMPLATE\task.md
		.github\ISSUE_TEMPLATE\user-story.md = .github\ISSUE_TEMPLATE\user-story.md
		.github\ISSUE_TEMPLATE\vulnerability.md = .github\ISSUE_TEMPLATE\vulnerability.md
	EndProjectSection
EndProject
Project("{2150E333-8FDC-42A3-9474-1A3956D46DE8}") = "docker", "docker", "{80B0D075-A806-42CD-8ED4-1EB48620EF28}"
	ProjectSection(SolutionItems) = preProject
		docker\entry.sh = docker\entry.sh
		docker\static-functions = docker\static-functions
		docker\update-cacerts.sh = docker\update-cacerts.sh
	EndProjectSection
EndProject
Global
	GlobalSection(SolutionConfigurationPlatforms) = preSolution
		Debug|Any CPU = Debug|Any CPU
		Release|Any CPU = Release|Any CPU
	EndGlobalSection
	GlobalSection(ProjectConfigurationPlatforms) = postSolution
		{1DE2813C-8588-4968-B4E2-CBDAE238D7A4}.Debug|Any CPU.ActiveCfg = Debug|Any CPU
		{1DE2813C-8588-4968-B4E2-CBDAE238D7A4}.Debug|Any CPU.Build.0 = Debug|Any CPU
		{1DE2813C-8588-4968-B4E2-CBDAE238D7A4}.Release|Any CPU.ActiveCfg = Release|Any CPU
		{1DE2813C-8588-4968-B4E2-CBDAE238D7A4}.Release|Any CPU.Build.0 = Release|Any CPU
	EndGlobalSection
	GlobalSection(SolutionProperties) = preSolution
		HideSolutionNode = FALSE
	EndGlobalSection
	GlobalSection(NestedProjects) = preSolution
		{1DE2813C-8588-4968-B4E2-CBDAE238D7A4} = {A8CF35EC-2EEE-426E-A6EF-159CD98564C2}
		{A7173E04-1649-4AAC-9656-5A892B394341} = {B646B042-A1AA-4C71-A9C1-3D2EF32890C9}
		{6037F6B1-5FBD-4F2B-9B3B-808A60107BE6} = {B646B042-A1AA-4C71-A9C1-3D2EF32890C9}
		{2D37E410-375F-4684-AEF7-063D26AFB138} = {6037F6B1-5FBD-4F2B-9B3B-808A60107BE6}
		{91FD8C66-2B00-4EC0-90E3-8313D27B777C} = {6037F6B1-5FBD-4F2B-9B3B-808A60107BE6}
		{80B0D075-A806-42CD-8ED4-1EB48620EF28} = {B646B042-A1AA-4C71-A9C1-3D2EF32890C9}
	EndGlobalSection
	GlobalSection(ExtensibilityGlobals) = postSolution
		SolutionGuid = {5F00BC93-FC67-41A4-BE0C-00E3563A7014}
	EndGlobalSection
EndGlobal
